
Microsoft Visual Studio Solution File, Format Version 12.00
# Visual Studio Version 17
VisualStudioVersion = 17.7.34202.233
MinimumVisualStudioVersion = 10.0.40219.1
Project("{FAE04EC0-301F-11D3-BF4B-00C04F79EFBC}") = "hafta3ornek", "hafta3ornek.csproj", "{66ABF3D9-C91F-4730-8B5D-136E8AA8CF12}"
EndProject
Global
	GlobalSection(SolutionConfigurationPlatforms) = preSolution
		Debug|Any CPU = Debug|Any CPU
		Release|Any CPU = Release|Any CPU
	EndGlobalSection
	GlobalSection(ProjectConfigurationPlatforms) = postSolution
		{66ABF3D9-C91F-4730-8B5D-136E8AA8CF12}.Debug|Any CPU.ActiveCfg = Debug|Any CPU
		{66ABF3D9-C91F-4730-8B5D-136E8AA8CF12}.Debug|Any CPU.Build.0 = Debug|Any CPU
		{66ABF3D9-C91F-4730-8B5D-136E8AA8CF12}.Release|Any CPU.ActiveCfg = Release|Any CPU
		{66ABF3D9-C91F-4730-8B5D-136E8AA8CF12}.Release|Any CPU.Build.0 = Release|Any CPU
	EndGlobalSection
	GlobalSection(SolutionProperties) = preSolution
		HideSolutionNode = FALSE
	EndGlobalSection
	GlobalSection(ExtensibilityGlobals) = postSolution
		SolutionGuid = {C6A342B2-75A2-4350-A301-ED16C35C81F9}
	EndGlobalSection
EndGlobal
